
Microsoft Visual Studio Solution File, Format Version 12.00
# Visual Studio 2012
Project("{2150E333-8FDC-42A3-9474-1A3956D46DE8}") = "Solution Items", "Solution Items", "{DB4CE3A6-7BED-4A18-BF8E-D4DD46977756}"
	ProjectSection(SolutionItems) = preProject
		Licensing.md = Licensing.md
		Local.testsettings = Local.testsettings
		MvcMusicStore.vsmdi = MvcMusicStore.vsmdi
		TraceAndTestImpact.testsettings = TraceAndTestImpact.testsettings
	EndProjectSection
EndProject
Project("{FAE04EC0-301F-11D3-BF4B-00C04F79EFBC}") = "MvcMusicStore", "MvcMusicStore\MvcMusicStore.csproj", "{C9390804-FF00-4AE4-A70F-F9BF7B5C2655}"
EndProject
Project("{FAE04EC0-301F-11D3-BF4B-00C04F79EFBC}") = "MvcMusicStoreTests", "MvcMusicStoreTests\MvcMusicStoreTests.csproj", "{3144E517-5D54-4242-B630-176B6F0212F9}"
EndProject
Global
	GlobalSection(TestCaseManagementSettings) = postSolution
		CategoryFile = MvcMusicStore.vsmdi
	EndGlobalSection
	GlobalSection(SolutionConfigurationPlatforms) = preSolution
		Debug|Any CPU = Debug|Any CPU
		Release|Any CPU = Release|Any CPU
	EndGlobalSection
	GlobalSection(ProjectConfigurationPlatforms) = postSolution
		{C9390804-FF00-4AE4-A70F-F9BF7B5C2655}.Debug|Any CPU.ActiveCfg = Debug|Any CPU
		{C9390804-FF00-4AE4-A70F-F9BF7B5C2655}.Debug|Any CPU.Build.0 = Debug|Any CPU
		{C9390804-FF00-4AE4-A70F-F9BF7B5C2655}.Release|Any CPU.ActiveCfg = Release|Any CPU
		{C9390804-FF00-4AE4-A70F-F9BF7B5C2655}.Release|Any CPU.Build.0 = Release|Any CPU
		{3144E517-5D54-4242-B630-176B6F0212F9}.Debug|Any CPU.ActiveCfg = Debug|Any CPU
		{3144E517-5D54-4242-B630-176B6F0212F9}.Debug|Any CPU.Build.0 = Debug|Any CPU
		{3144E517-5D54-4242-B630-176B6F0212F9}.Release|Any CPU.ActiveCfg = Release|Any CPU
		{3144E517-5D54-4242-B630-176B6F0212F9}.Release|Any CPU.Build.0 = Release|Any CPU
	EndGlobalSection
	GlobalSection(SolutionProperties) = preSolution
		HideSolutionNode = FALSE
	EndGlobalSection
EndGlobal
